
Microsoft Visual Studio Solution File, Format Version 12.00
# Visual Studio 14
VisualStudioVersion = 14.0.25123.0
MinimumVisualStudioVersion = 10.0.40219.1
Project("{FAE04EC0-301F-11D3-BF4B-00C04F79EFBC}") = "CortanaComponent", "CortanaComponent\CortanaComponent.csproj", "{E6C9A555-8927-484C-A948-9EAC6D4E0442}"
EndProject
Project("{FAE04EC0-301F-11D3-BF4B-00C04F79EFBC}") = "helloLamp", "helloLamp\helloLamp.csproj", "{FC593AB1-8844-468D-9076-8C790CCB4AEC}"
EndProject
Project("{8BC9CEB8-8B4A-11D0-8D11-00A0C91BC942}") = "org.OpenT2T.Sample.SuperPopular.Lamp", "org.OpenT2T.Sample.SuperPopular.Lamp\org.OpenT2T.Sample.SuperPopular.Lamp.vcxproj", "{4C6BA81B-F7BE-4321-9609-F22FC8B4472D}"
EndProject
Global
	GlobalSection(SolutionConfigurationPlatforms) = preSolution
		Debug|Any CPU = Debug|Any CPU
		Debug|ARM = Debug|ARM
		Debug|x64 = Debug|x64
		Debug|x86 = Debug|x86
		Release|Any CPU = Release|Any CPU
		Release|ARM = Release|ARM
		Release|x64 = Release|x64
		Release|x86 = Release|x86
	EndGlobalSection
	GlobalSection(ProjectConfigurationPlatforms) = postSolution
		{E6C9A555-8927-484C-A948-9EAC6D4E0442}.Debug|Any CPU.ActiveCfg = Debug|Any CPU
		{E6C9A555-8927-484C-A948-9EAC6D4E0442}.Debug|Any CPU.Build.0 = Debug|Any CPU
		{E6C9A555-8927-484C-A948-9EAC6D4E0442}.Debug|ARM.ActiveCfg = Debug|ARM
		{E6C9A555-8927-484C-A948-9EAC6D4E0442}.Debug|ARM.Build.0 = Debug|ARM
		{E6C9A555-8927-484C-A948-9EAC6D4E0442}.Debug|x64.ActiveCfg = Debug|x64
		{E6C9A555-8927-484C-A948-9EAC6D4E0442}.Debug|x64.Build.0 = Debug|x64
		{E6C9A555-8927-484C-A948-9EAC6D4E0442}.Debug|x86.ActiveCfg = Debug|x86
		{E6C9A555-8927-484C-A948-9EAC6D4E0442}.Debug|x86.Build.0 = Debug|x86
		{E6C9A555-8927-484C-A948-9EAC6D4E0442}.Release|Any CPU.ActiveCfg = Release|Any CPU
		{E6C9A555-8927-484C-A948-9EAC6D4E0442}.Release|Any CPU.Build.0 = Release|Any CPU
		{E6C9A555-8927-484C-A948-9EAC6D4E0442}.Release|ARM.ActiveCfg = Release|ARM
		{E6C9A555-8927-484C-A948-9EAC6D4E0442}.Release|ARM.Build.0 = Release|ARM
		{E6C9A555-8927-484C-A948-9EAC6D4E0442}.Release|x64.ActiveCfg = Release|x64
		{E6C9A555-8927-484C-A948-9EAC6D4E0442}.Release|x64.Build.0 = Release|x64
		{E6C9A555-8927-484C-A948-9EAC6D4E0442}.Release|x86.ActiveCfg = Release|x86
		{E6C9A555-8927-484C-A948-9EAC6D4E0442}.Release|x86.Build.0 = Release|x86
		{FC593AB1-8844-468D-9076-8C790CCB4AEC}.Debug|Any CPU.ActiveCfg = Debug|x86
		{FC593AB1-8844-468D-9076-8C790CCB4AEC}.Debug|Any CPU.Build.0 = Debug|x86
		{FC593AB1-8844-468D-9076-8C790CCB4AEC}.Debug|Any CPU.Deploy.0 = Debug|x86
		{FC593AB1-8844-468D-9076-8C790CCB4AEC}.Debug|ARM.ActiveCfg = Debug|ARM
		{FC593AB1-8844-468D-9076-8C790CCB4AEC}.Debug|ARM.Build.0 = Debug|ARM
		{FC593AB1-8844-468D-9076-8C790CCB4AEC}.Debug|ARM.Deploy.0 = Debug|ARM
		{FC593AB1-8844-468D-9076-8C790CCB4AEC}.Debug|x64.ActiveCfg = Debug|x64
		{FC593AB1-8844-468D-9076-8C790CCB4AEC}.Debug|x64.Build.0 = Debug|x64
		{FC593AB1-8844-468D-9076-8C790CCB4AEC}.Debug|x64.Deploy.0 = Debug|x64
		{FC593AB1-8844-468D-9076-8C790CCB4AEC}.Debug|x86.ActiveCfg = Debug|x86
		{FC593AB1-8844-468D-9076-8C790CCB4AEC}.Debug|x86.Build.0 = Debug|x86
		{FC593AB1-8844-468D-9076-8C790CCB4AEC}.Debug|x86.Deploy.0 = Debug|x86
		{FC593AB1-8844-468D-9076-8C790CCB4AEC}.Release|Any CPU.ActiveCfg = Release|x86
		{FC593AB1-8844-468D-9076-8C790CCB4AEC}.Release|ARM.ActiveCfg = Release|ARM
		{FC593AB1-8844-468D-9076-8C790CCB4AEC}.Release|ARM.Build.0 = Release|ARM
		{FC593AB1-8844-468D-9076-8C790CCB4AEC}.Release|ARM.Deploy.0 = Release|ARM
		{FC593AB1-8844-468D-9076-8C790CCB4AEC}.Release|x64.ActiveCfg = Release|x64
		{FC593AB1-8844-468D-9076-8C790CCB4AEC}.Release|x64.Build.0 = Release|x64
		{FC593AB1-8844-468D-9076-8C790CCB4AEC}.Release|x64.Deploy.0 = Release|x64
		{FC593AB1-8844-468D-9076-8C790CCB4AEC}.Release|x86.ActiveCfg = Release|x86
		{FC593AB1-8844-468D-9076-8C790CCB4AEC}.Release|x86.Build.0 = Release|x86
		{FC593AB1-8844-468D-9076-8C790CCB4AEC}.Release|x86.Deploy.0 = Release|x86
		{4C6BA81B-F7BE-4321-9609-F22FC8B4472D}.Debug|Any CPU.ActiveCfg = Debug|Win32
		{4C6BA81B-F7BE-4321-9609-F22FC8B4472D}.Debug|ARM.ActiveCfg = Debug|ARM
		{4C6BA81B-F7BE-4321-9609-F22FC8B4472D}.Debug|ARM.Build.0 = Debug|ARM
		{4C6BA81B-F7BE-4321-9609-F22FC8B4472D}.Debug|x64.ActiveCfg = Debug|x64
		{4C6BA81B-F7BE-4321-9609-F22FC8B4472D}.Debug|x64.Build.0 = Debug|x64
		{4C6BA81B-F7BE-4321-9609-F22FC8B4472D}.Debug|x86.ActiveCfg = Debug|Win32
		{4C6BA81B-F7BE-4321-9609-F22FC8B4472D}.Debug|x86.Build.0 = Debug|Win32
		{4C6BA81B-F7BE-4321-9609-F22FC8B4472D}.Release|Any CPU.ActiveCfg = Release|Win32
		{4C6BA81B-F7BE-4321-9609-F22FC8B4472D}.Release|ARM.ActiveCfg = Release|ARM
		{4C6BA81B-F7BE-4321-9609-F22FC8B4472D}.Release|ARM.Build.0 = Release|ARM
		{4C6BA81B-F7BE-4321-9609-F22FC8B4472D}.Release|x64.ActiveCfg = Release|x64
		{4C6BA81B-F7BE-4321-9609-F22FC8B4472D}.Release|x64.Build.0 = Release|x64
		{4C6BA81B-F7BE-4321-9609-F22FC8B4472D}.Release|x86.ActiveCfg = Release|Win32
		{4C6BA81B-F7BE-4321-9609-F22FC8B4472D}.Release|x86.Build.0 = Release|Win32
	EndGlobalSection
	GlobalSection(SolutionProperties) = preSolution
		HideSolutionNode = FALSE
	EndGlobalSection
EndGlobal
